// !$*UTF8*$!
{
	archiveVersion = 1;
	classes = {
	};
	objectVersion = 46;
	objects = {

/* Begin PBXBuildFile section */
		4746E2B41BF2512D00B65F8F /* AppDelegate.swift in Sources */ = {isa = PBXBuildFile; fileRef = 4746E2B31BF2512D00B65F8F /* AppDelegate.swift */; };
		4746E2B61BF2512D00B65F8F /* ViewController.swift in Sources */ = {isa = PBXBuildFile; fileRef = 4746E2B51BF2512D00B65F8F /* ViewController.swift */; };
		4746E2B91BF2512D00B65F8F /* Main.storyboard in Resources */ = {isa = PBXBuildFile; fileRef = 4746E2B71BF2512D00B65F8F /* Main.storyboard */; };
		4746E2BB1BF2512D00B65F8F /* Assets.xcassets in Resources */ = {isa = PBXBuildFile; fileRef = 4746E2BA1BF2512D00B65F8F /* Assets.xcassets */; };
		4746E2BE1BF2512D00B65F8F /* LaunchScreen.storyboard in Resources */ = {isa = PBXBuildFile; fileRef = 4746E2BC1BF2512D00B65F8F /* LaunchScreen.storyboard */; };
		4746E2C61BF25E0400B65F8F /* Mario_Power_Up.mp3 in Resources */ = {isa = PBXBuildFile; fileRef = 4746E2C51BF25E0400B65F8F /* Mario_Power_Up.mp3 */; };
/* End PBXBuildFile section */

/* Begin PBXFileReference section */
		4746E2B01BF2512D00B65F8F /* Eventos.app */ = {isa = PBXFileReference; explicitFileType = wrapper.application; includeInIndex = 0; path = Eventos.app; sourceTree = BUILT_PRODUCTS_DIR; };
		4746E2B31BF2512D00B65F8F /* AppDelegate.swift */ = {isa = PBXFileReference; lastKnownFileType = sourcecode.swift; path = AppDelegate.swift; sourceTree = "<group>"; };
		4746E2B51BF2512D00B65F8F /* ViewController.swift */ = {isa = PBXFileReference; lastKnownFileType = sourcecode.swift; path = ViewController.swift; sourceTree = "<group>"; };
		4746E2B81BF2512D00B65F8F /* Base */ = {isa = PBXFileReference; lastKnownFileType = file.storyboard; name = Base; path = Base.lproj/Main.storyboard; sourceTree = "<group>"; };
		4746E2BA1BF2512D00B65F8F /* Assets.xcassets */ = {isa = PBXFileReference; lastKnownFileType = folder.assetcatalog; path = Assets.xcassets; sourceTree = "<group>"; };
		4746E2BD1BF2512D00B65F8F /* Base */ = {isa = PBXFileReference; lastKnownFileType = file.storyboard; name = Base; path = Base.lproj/LaunchScreen.storyboard; sourceTree = "<group>"; };
		4746E2BF1BF2512D00B65F8F /* Info.plist */ = {isa = PBXFileReference; lastKnownFileType = text.plist.xml; path = Info.plist; sourceTree = "<group>"; };
		4746E2C51BF25E0400B65F8F /* Mario_Power_Up.mp3 */ = {isa = PBXFileReference; lastKnownFileType = audio.mp3; path = Mario_Power_Up.mp3; sourceTree = "<group>"; };
/* End PBXFileReference section */

/* Begin PBXFrameworksBuildPhase section */
		4746E2AD1BF2512D00B65F8F /* Frameworks */ = {
			isa = PBXFrameworksBuildPhase;
			buildActionMask = 2147483647;
			files = (
			);
			runOnlyForDeploymentPostprocessing = 0;
		};
/* End PBXFrameworksBuildPhase section */

/* Begin PBXGroup section */
		4746E2A71BF2512D00B65F8F = {
			isa = PBXGroup;
			children = (
				4746E2B21BF2512D00B65F8F /* Eventos */,
				4746E2B11BF2512D00B65F8F /* Products */,
			);
			sourceTree = "<group>";
		};
		4746E2B11BF2512D00B65F8F /* Products */ = {
			isa = PBXGroup;
			children = (
				4746E2B01BF2512D00B65F8F /* Eventos.app */,
			);
			name = Products;
			sourceTree = "<group>";
		};
		4746E2B21BF2512D00B65F8F /* Eventos */ = {
			isa = PBXGroup;
			children = (
				4746E2B31BF2512D00B65F8F /* AppDelegate.swift */,
				4746E2B51BF2512D00B65F8F /* ViewController.swift */,
				4746E2B71BF2512D00B65F8F /* Main.storyboard */,
				4746E2BA1BF2512D00B65F8F /* Assets.xcassets */,
				4746E2BC1BF2512D00B65F8F /* LaunchScreen.storyboard */,
				4746E2BF1BF2512D00B65F8F /* Info.plist */,
				4746E2C51BF25E0400B65F8F /* Mario_Power_Up.mp3 */,
			);
			path = Eventos;
			sourceTree = "<group>";
		};
/* End PBXGroup section */

/* Begin PBXNativeTarget section */
		4746E2AF1BF2512D00B65F8F /* Eventos */ = {
			isa = PBXNativeTarget;
			buildConfigurationList = 4746E2C21BF2512D00B65F8F /* Build configuration list for PBXNativeTarget "Eventos" */;
			buildPhases = (
				4746E2AC1BF2512D00B65F8F /* Sources */,
				4746E2AD1BF2512D00B65F8F /* Frameworks */,
				4746E2AE1BF2512D00B65F8F /* Resources */,
			);
			buildRules = (
			);
			dependencies = (
			);
			name = Eventos;
			productName = Eventos;
			productReference = 4746E2B01BF2512D00B65F8F /* Eventos.app */;
			productType = "com.apple.product-type.application";
		};
/* End PBXNativeTarget section */

/* Begin PBXProject section */
		4746E2A81BF2512D00B65F8F /* Project object */ = {
			isa = PBXProject;
			attributes = {
				LastSwiftUpdateCheck = 0710;
				LastUpgradeCheck = 0710;
				ORGANIZATIONNAME = "Xavi Moll Villalonga";
				TargetAttributes = {
					4746E2AF1BF2512D00B65F8F = {
						CreatedOnToolsVersion = 7.1;
					};
				};
			};
			buildConfigurationList = 4746E2AB1BF2512D00B65F8F /* Build configuration list for PBXProject "Eventos" */;
			compatibilityVersion = "Xcode 3.2";
			developmentRegion = English;
			hasScannedForEncodings = 0;
			knownRegions = (
				en,
				Base,
			);
			mainGroup = 4746E2A71BF2512D00B65F8F;
			productRefGroup = 4746E2B11BF2512D00B65F8F /* Products */;
			projectDirPath = "";
			projectRoot = "";
			targets = (
				4746E2AF1BF2512D00B65F8F /* Eventos */,
			);
		};
/* End PBXProject section */

/* Begin PBXResourcesBuildPhase section */
		4746E2AE1BF2512D00B65F8F /* Resources */ = {
			isa = PBXResourcesBuildPhase;
			buildActionMask = 2147483647;
			files = (
				4746E2C61BF25E0400B65F8F /* Mario_Power_Up.mp3 in Resources */,
				4746E2BE1BF2512D00B65F8F /* LaunchScreen.storyboard in Resources */,
				4746E2BB1BF2512D00B65F8F /* Assets.xcassets in Resources */,
				4746E2B91BF2512D00B65F8F /* Main.storyboard in Resources */,
			);
			runOnlyForDeploymentPostprocessing = 0;
		};
/* End PBXResourcesBuildPhase section */

/* Begin PBXSourcesBuildPhase section */
		4746E2AC1BF2512D00B65F8F /* Sources */ = {
			isa = PBXSourcesBuildPhase;
			buildActionMask = 2147483647;
			files = (
				4746E2B61BF2512D00B65F8F /* ViewController.swift in Sources */,
				4746E2B41BF2512D00B65F8F /* AppDelegate.swift in Sources */,
			);
			runOnlyForDeploymentPostprocessing = 0;
		};
/* End PBXSourcesBuildPhase section */

/* Begin PBXVariantGroup section */
		4746E2B71BF2512D00B65F8F /* Main.storyboard */ = {
			isa = PBXVariantGroup;
			children = (
				4746E2B81BF2512D00B65F8F /* Base */,
			);
			name = Main.storyboard;
			sourceTree = "<group>";
		};
		4746E2BC1BF2512D00B65F8F /* LaunchScreen.storyboard */ = {
			isa = PBXVariantGroup;
			children = (
				4746E2BD1BF2512D00B65F8F /* Base */,
			);
			name = LaunchScreen.storyboard;
			sourceTree = "<group>";
		};
/* End PBXVariantGroup section */

/* Begin XCBuildConfiguration section */
		4746E2C01BF2512D00B65F8F /* Debug */ = {
			isa = XCBuildConfiguration;
			buildSettings = {
				ALWAYS_SEARCH_USER_PATHS = NO;
				CLANG_CXX_LANGUAGE_STANDARD = "gnu++0x";
				CLANG_CXX_LIBRARY = "libc++";
				CLANG_ENABLE_MODULES = YES;
				CLANG_ENABLE_OBJC_ARC = YES;
				CLANG_WARN_BOOL_CONVERSION = YES;
				CLANG_WARN_CONSTANT_CONVERSION = YES;
				CLANG_WARN_DIRECT_OBJC_ISA_USAGE = YES_ERROR;
				CLANG_WARN_EMPTY_BODY = YES;
				CLANG_WARN_ENUM_CONVERSION = YES;
				CLANG_WARN_INT_CONVERSION = YES;
				CLANG_WARN_OBJC_ROOT_CLASS = YES_ERROR;
				CLANG_WARN_UNREACHABLE_CODE = YES;
				CLANG_WARN__DUPLICATE_METHOD_MATCH = YES;
				"CODE_SIGN_IDENTITY[sdk=iphoneos*]" = "iPhone Developer";
				COPY_PHASE_STRIP = NO;
				DEBUG_INFORMATION_FORMAT = dwarf;
				ENABLE_STRICT_OBJC_MSGSEND = YES;
				ENABLE_TESTABILITY = YES;
				GCC_C_LANGUAGE_STANDARD = gnu99;
				GCC_DYNAMIC_NO_PIC = NO;
				GCC_NO_COMMON_BLOCKS = YES;
				GCC_OPTIMIZATION_LEVEL = 0;
				GCC_PREPROCESSOR_DEFINITIONS = (
					"DEBUG=1",
					"$(inherited)",
				);
				GCC_WARN_64_TO_32_BIT_CONVERSION = YES;
				GCC_WARN_ABOUT_RETURN_TYPE = YES_ERROR;
				GCC_WARN_UNDECLARED_SELECTOR = YES;
				GCC_WARN_UNINITIALIZED_AUTOS = YES_AGGRESSIVE;
				GCC_WARN_UNUSED_FUNCTION = YES;
				GCC_WARN_UNUSED_VARIABLE = YES;
				IPHONEOS_DEPLOYMENT_TARGET = 9.1;
				MTL_ENABLE_DEBUG_INFO = YES;
				ONLY_ACTIVE_ARCH = YES;
				SDKROOT = iphoneos;
				SWIFT_OPTIMIZATION_LEVEL = "-Onone";
				TARGETED_DEVICE_FAMILY = "1,2";
			};
			name = Debug;
		};
		4746E2C11BF2512D00B65F8F /* Release */ = {
			isa = XCBuildConfiguration;
			buildSettings = {
				ALWAYS_SEARCH_USER_PATHS = NO;
				CLANG_CXX_LANGUAGE_STANDARD = "gnu++0x";
				CLANG_CXX_LIBRARY = "libc++";
				CLANG_ENABLE_MODULES = YES;
				CLANG_ENABLE_OBJC_ARC = YES;
				CLANG_WARN_BOOL_CONVERSION = YES;
				CLANG_WARN_CONSTANT_CONVERSION = YES;
				CLANG_WARN_DIRECT_OBJC_ISA_USAGE = YES_ERROR;
				CLANG_WARN_EMPTY_BODY = YES;
				CLANG_WARN_ENUM_CONVERSION = YES;
				CLANG_WARN_INT_CONVERSION = YES;
				CLANG_WARN_OBJC_ROOT_CLASS = YES_ERROR;
				CLANG_WARN_UNREACHABLE_CODE = YES;
				CLANG_WARN__DUPLICATE_METHOD_MATCH = YES;
				"CODE_SIGN_IDENTITY[sdk=iphoneos*]" = "iPhone Developer";
				COPY_PHASE_STRIP = NO;
				DEBUG_INFORMATION_FORMAT = "dwarf-with-dsym";
				ENABLE_NS_ASSERTIONS = NO;
				ENABLE_STRICT_OBJC_MSGSEND = YES;
				GCC_C_LANGUAGE_STANDARD = gnu99;
				GCC_NO_COMMON_BLOCKS = YES;
				GCC_WARN_64_TO_32_BIT_CONVERSION = YES;
				GCC_WARN_ABOUT_RETURN_TYPE = YES_ERROR;
				GCC_WARN_UNDECLARED_SELECTOR = YES;
				GCC_WARN_UNINITIALIZED_AUTOS = YES_AGGRESSIVE;
				GCC_WARN_UNUSED_FUNCTION = YES;
				GCC_WARN_UNUSED_VARIABLE = YES;
				IPHONEOS_DEPLOYMENT_TARGET = 9.1;
				MTL_ENABLE_DEBUG_INFO = NO;
				SDKROOT = iphoneos;
				TARGETED_DEVICE_FAMILY = "1,2";
				VALIDATE_PRODUCT = YES;
			};
			name = Release;
		};
		4746E2C31BF2512D00B65F8F /* Debug */ = {
			isa = XCBuildConfiguration;
			buildSettings = {
				ASSETCATALOG_COMPILER_APPICON_NAME = AppIcon;
				INFOPLIST_FILE = Eventos/Info.plist;
				LD_RUNPATH_SEARCH_PATHS = "$(inherited) @executable_path/Frameworks";
				PRODUCT_BUNDLE_IDENTIFIER = xmollv.Eventos;
				PRODUCT_NAME = "$(TARGET_NAME)";
			};
			name = Debug;
		};
		4746E2C41BF2512D00B65F8F /* Release */ = {
			isa = XCBuildConfiguration;
			buildSettings = {
				ASSETCATALOG_COMPILER_APPICON_NAME = AppIcon;
				INFOPLIST_FILE = Eventos/Info.plist;
				LD_RUNPATH_SEARCH_PATHS = "$(inherited) @executable_path/Frameworks";
				PRODUCT_BUNDLE_IDENTIFIER = xmollv.Eventos;
				PRODUCT_NAME = "$(TARGET_NAME)";
			};
			name = Release;
		};
/* End XCBuildConfiguration section */

/* Begin XCConfigurationList section */
		4746E2AB1BF2512D00B65F8F /* Build configuration list for PBXProject "Eventos" */ = {
			isa = XCConfigurationList;
			buildConfigurations = (
				4746E2C01BF2512D00B65F8F /* Debug */,
				4746E2C11BF2512D00B65F8F /* Release */,
			);
			defaultConfigurationIsVisible = 0;
			defaultConfigurationName = Release;
		};
		4746E2C21BF2512D00B65F8F /* Build configuration list for PBXNativeTarget "Eventos" */ = {
			isa = XCConfigurationList;
			buildConfigurations = (
				4746E2C31BF2512D00B65F8F /* Debug */,
				4746E2C41BF2512D00B65F8F /* Release */,
			);
			defaultConfigurationIsVisible = 0;
		};
/* End XCConfigurationList section */
	};
	rootObject = 4746E2A81BF2512D00B65F8F /* Project object */;
}
